{
    "_readme": [
        "This file locks the dependencies of your project to a known state",
        "Read more about it at https://getcomposer.org/doc/01-basic-usage.md#installing-dependencies",
        "This file is @generated automatically"
    ],
    "content-hash": "920a3473d5521ab4726cd89407ea1e5b",
    "packages": [
        {
            "name": "codeigniter4/translations",
            "version": "v4.0.2",
            "source": {
                "type": "git",
                "url": "https://github.com/codeigniter4/translations.git",
                "reference": "a00809088fa974af77f63d93123d9db7bd4f6945"
            },
            "dist": {
                "type": "zip",
                "url": "https://api.github.com/repos/codeigniter4/translations/zipball/a00809088fa974af77f63d93123d9db7bd4f6945",
                "reference": "a00809088fa974af77f63d93123d9db7bd4f6945",
                "shasum": ""
            },
            "require": {
                "ext-intl": "*",
                "php": ">=7.2"
            },
            "require-dev": {
                "codeigniter4/framework": "dev-master",
                "phpunit/phpunit": "^7.0"
            },
            "type": "project",
            "autoload": {
                "psr-4": {
                    "Translations\\": ""
                }
            },
            "notification-url": "https://packagist.org/downloads/",
            "license": [
                "MIT"
            ],
            "description": "Translations for CodeIgniter v4 web framework",
            "homepage": "https://codeigniter.com",
            "time": "2020-04-22T03:26:13+00:00"
        }
    ],
    "packages-dev": [],
    "aliases": [],
    "minimum-stability": "stable",
    "stability-flags": [],
    "prefer-stable": false,
    "prefer-lowest": false,
    "platform": [],
    "platform-dev": [],
    "plugin-api-version": "1.1.0"
}
